// !$*UTF8*$!
{
	archiveVersion = 1;
	classes = {
	};
	objectVersion = 50;
	objects = {

/* Begin PBXBuildFile section */
		2A03186924EB407C00C1E719 /* FontFit in Resources */ = {isa = PBXBuildFile; fileRef = 2A03186824EB407C00C1E719 /* FontFit */; };
		2A26793924EE629700E709F9 /* CPTViewController.swift in Sources */ = {isa = PBXBuildFile; fileRef = 2A26793724EE629700E709F9 /* CPTViewController.swift */; };
		2A26793A24EE629700E709F9 /* CPTViewController.xib in Resources */ = {isa = PBXBuildFile; fileRef = 2A26793824EE629700E709F9 /* CPTViewController.xib */; };
		2A26793D24EE62B500E709F9 /* submitEEViewController.swift in Sources */ = {isa = PBXBuildFile; fileRef = 2A26793B24EE62B500E709F9 /* submitEEViewController.swift */; };
		2A26793E24EE62B500E709F9 /* submitEEViewController.xib in Resources */ = {isa = PBXBuildFile; fileRef = 2A26793C24EE62B500E709F9 /* submitEEViewController.xib */; };
		2A4424CE24E09B0500D7C832 /* OverviewViewController.swift in Sources */ = {isa = PBXBuildFile; fileRef = 2A4424CC24E09B0500D7C832 /* OverviewViewController.swift */; };
		2A4424CF24E09B0500D7C832 /* OverviewViewController.xib in Resources */ = {isa = PBXBuildFile; fileRef = 2A4424CD24E09B0500D7C832 /* OverviewViewController.xib */; };
		2A4424D224E09B2B00D7C832 /* NOCViewController.swift in Sources */ = {isa = PBXBuildFile; fileRef = 2A4424D024E09B2B00D7C832 /* NOCViewController.swift */; };
		2A4424D324E09B2B00D7C832 /* NOCViewController.xib in Resources */ = {isa = PBXBuildFile; fileRef = 2A4424D124E09B2B00D7C832 /* NOCViewController.xib */; };
		2A4424D624E09B4000D7C832 /* ECAViewController.swift in Sources */ = {isa = PBXBuildFile; fileRef = 2A4424D424E09B4000D7C832 /* ECAViewController.swift */; };
		2A4424D724E09B4000D7C832 /* ECAViewController.xib in Resources */ = {isa = PBXBuildFile; fileRef = 2A4424D524E09B4000D7C832 /* ECAViewController.xib */; };
		2A4424DA24E09B5700D7C832 /* LanguageTestViewController.swift in Sources */ = {isa = PBXBuildFile; fileRef = 2A4424D824E09B5700D7C832 /* LanguageTestViewController.swift */; };
		2A4424DB24E09B5700D7C832 /* LanguageTestViewController.xib in Resources */ = {isa = PBXBuildFile; fileRef = 2A4424D924E09B5700D7C832 /* LanguageTestViewController.xib */; };
		2A4424DE24E09BAF00D7C832 /* EligibilityViewController.swift in Sources */ = {isa = PBXBuildFile; fileRef = 2A4424DC24E09BAF00D7C832 /* EligibilityViewController.swift */; };
		2A4424DF24E09BAF00D7C832 /* EligibilityViewController.xib in Resources */ = {isa = PBXBuildFile; fileRef = 2A4424DD24E09BAF00D7C832 /* EligibilityViewController.xib */; };
		2A482FBE24B113E90070561C /* AppDelegate.swift in Sources */ = {isa = PBXBuildFile; fileRef = 2A482FBD24B113E90070561C /* AppDelegate.swift */; };
		2A482FC024B113E90070561C /* SceneDelegate.swift in Sources */ = {isa = PBXBuildFile; fileRef = 2A482FBF24B113E90070561C /* SceneDelegate.swift */; };
		2A482FC224B113E90070561C /* ViewController.swift in Sources */ = {isa = PBXBuildFile; fileRef = 2A482FC124B113E90070561C /* ViewController.swift */; };
		2A482FC524B113E90070561C /* Main.storyboard in Resources */ = {isa = PBXBuildFile; fileRef = 2A482FC324B113E90070561C /* Main.storyboard */; };
		2A482FC724B113EB0070561C /* Assets.xcassets in Resources */ = {isa = PBXBuildFile; fileRef = 2A482FC624B113EB0070561C /* Assets.xcassets */; };
		2A482FCA24B113EB0070561C /* LaunchScreen.storyboard in Resources */ = {isa = PBXBuildFile; fileRef = 2A482FC824B113EB0070561C /* LaunchScreen.storyboard */; };
		2A482FD524B113EB0070561C /* treknation_iOSTests.swift in Sources */ = {isa = PBXBuildFile; fileRef = 2A482FD424B113EB0070561C /* treknation_iOSTests.swift */; };
		2A482FE024B113EB0070561C /* treknation_iOSUITests.swift in Sources */ = {isa = PBXBuildFile; fileRef = 2A482FDF24B113EB0070561C /* treknation_iOSUITests.swift */; };
		2A482FF124B115160070561C /* Constants.swift in Sources */ = {isa = PBXBuildFile; fileRef = 2A482FF024B115160070561C /* Constants.swift */; };
		2A482FF324B115490070561C /* AppData.swift in Sources */ = {isa = PBXBuildFile; fileRef = 2A482FF224B115490070561C /* AppData.swift */; };
		2A7CBB1024F74E1E008FE3F6 /* CECViewController.swift in Sources */ = {isa = PBXBuildFile; fileRef = 2A7CBB0E24F74E1E008FE3F6 /* CECViewController.swift */; };
		2A7CBB1124F74E1E008FE3F6 /* CECViewController.xib in Resources */ = {isa = PBXBuildFile; fileRef = 2A7CBB0F24F74E1E008FE3F6 /* CECViewController.xib */; };
		2A7CBB1424F74E31008FE3F6 /* FSWViewController.swift in Sources */ = {isa = PBXBuildFile; fileRef = 2A7CBB1224F74E31008FE3F6 /* FSWViewController.swift */; };
		2A7CBB1524F74E31008FE3F6 /* FSWViewController.xib in Resources */ = {isa = PBXBuildFile; fileRef = 2A7CBB1324F74E31008FE3F6 /* FSWViewController.xib */; };
		2A7CBB1824F74E42008FE3F6 /* FSTViewController.swift in Sources */ = {isa = PBXBuildFile; fileRef = 2A7CBB1624F74E42008FE3F6 /* FSTViewController.swift */; };
		2A7CBB1924F74E42008FE3F6 /* FSTViewController.xib in Resources */ = {isa = PBXBuildFile; fileRef = 2A7CBB1724F74E42008FE3F6 /* FSTViewController.xib */; };
		2A7CBB1C24F75D72008FE3F6 /* CRSScoreViewController.swift in Sources */ = {isa = PBXBuildFile; fileRef = 2A7CBB1A24F75D72008FE3F6 /* CRSScoreViewController.swift */; };
		2A7CBB1D24F75D72008FE3F6 /* CRSScoreViewController.xib in Resources */ = {isa = PBXBuildFile; fileRef = 2A7CBB1B24F75D72008FE3F6 /* CRSScoreViewController.xib */; };
		2A7CBB2024F75F9B008FE3F6 /* EnterEEViewController.swift in Sources */ = {isa = PBXBuildFile; fileRef = 2A7CBB1E24F75F9B008FE3F6 /* EnterEEViewController.swift */; };
		2A7CBB2124F75F9B008FE3F6 /* EnterEEViewController.xib in Resources */ = {isa = PBXBuildFile; fileRef = 2A7CBB1F24F75F9B008FE3F6 /* EnterEEViewController.xib */; };
		2A7CBB2424F75FAD008FE3F6 /* ITAViewController.swift in Sources */ = {isa = PBXBuildFile; fileRef = 2A7CBB2224F75FAD008FE3F6 /* ITAViewController.swift */; };
		2A7CBB2524F75FAD008FE3F6 /* ITAViewController.xib in Resources */ = {isa = PBXBuildFile; fileRef = 2A7CBB2324F75FAD008FE3F6 /* ITAViewController.xib */; };
		2A7CBB2824F75FC7008FE3F6 /* DocumentChecklistViewController.swift in Sources */ = {isa = PBXBuildFile; fileRef = 2A7CBB2624F75FC7008FE3F6 /* DocumentChecklistViewController.swift */; };
		2A7CBB2924F75FC7008FE3F6 /* DocumentChecklistViewController.xib in Resources */ = {isa = PBXBuildFile; fileRef = 2A7CBB2724F75FC7008FE3F6 /* DocumentChecklistViewController.xib */; };
		2A7CBB2C24F75FE4008FE3F6 /* EPRViewController.swift in Sources */ = {isa = PBXBuildFile; fileRef = 2A7CBB2A24F75FE4008FE3F6 /* EPRViewController.swift */; };
		2A7CBB2D24F75FE4008FE3F6 /* EPRViewController.xib in Resources */ = {isa = PBXBuildFile; fileRef = 2A7CBB2B24F75FE4008FE3F6 /* EPRViewController.xib */; };
		2A7CBB3024F75FFB008FE3F6 /* PPRViewController.swift in Sources */ = {isa = PBXBuildFile; fileRef = 2A7CBB2E24F75FFB008FE3F6 /* PPRViewController.swift */; };
		2A7CBB3124F75FFB008FE3F6 /* PPRViewController.xib in Resources */ = {isa = PBXBuildFile; fileRef = 2A7CBB2F24F75FFB008FE3F6 /* PPRViewController.xib */; };
		2A7CBB3424F76012008FE3F6 /* PrepareforLandingViewController.swift in Sources */ = {isa = PBXBuildFile; fileRef = 2A7CBB3224F76012008FE3F6 /* PrepareforLandingViewController.swift */; };
		2A7CBB3524F76012008FE3F6 /* PrepareforLandingViewController.xib in Resources */ = {isa = PBXBuildFile; fileRef = 2A7CBB3324F76012008FE3F6 /* PrepareforLandingViewController.xib */; };
		2A7CBB3724F86D8D008FE3F6 /* MoreViewController.swift in Sources */ = {isa = PBXBuildFile; fileRef = 2A7CBB3624F86D8D008FE3F6 /* MoreViewController.swift */; };
		2A7CBB3A24F8710E008FE3F6 /* DetailedViewController.swift in Sources */ = {isa = PBXBuildFile; fileRef = 2A7CBB3824F8710E008FE3F6 /* DetailedViewController.swift */; };
		2A7CBB3B24F8710E008FE3F6 /* DetailedViewController.xib in Resources */ = {isa = PBXBuildFile; fileRef = 2A7CBB3924F8710E008FE3F6 /* DetailedViewController.xib */; };
		2A7CBB3E24FBEFB4008FE3F6 /* WebViewViewController.swift in Sources */ = {isa = PBXBuildFile; fileRef = 2A7CBB3C24FBEFB4008FE3F6 /* WebViewViewController.swift */; };
		2A7CBB3F24FBEFB4008FE3F6 /* WebViewViewController.xib in Resources */ = {isa = PBXBuildFile; fileRef = 2A7CBB3D24FBEFB4008FE3F6 /* WebViewViewController.xib */; };
		2A7CBB4224FBF505008FE3F6 /* WebKit.framework in Frameworks */ = {isa = PBXBuildFile; fileRef = 2A7CBB4124FBF505008FE3F6 /* WebKit.framework */; };
		2A963BC924D7A67B000E8C91 /* HomrTableViewCell.swift in Sources */ = {isa = PBXBuildFile; fileRef = 2A963BC824D7A67B000E8C91 /* HomrTableViewCell.swift */; };
		2AC2FDAE24E5DCFA005CF04E /* havania.ttf in Resources */ = {isa = PBXBuildFile; fileRef = 2AC2FDAD24E5DCF9005CF04E /* havania.ttf */; };
/* End PBXBuildFile section */

/* Begin PBXContainerItemProxy section */
		2A482FD124B113EB0070561C /* PBXContainerItemProxy */ = {
			isa = PBXContainerItemProxy;
			containerPortal = 2A482FB224B113E90070561C /* Project object */;
			proxyType = 1;
			remoteGlobalIDString = 2A482FB924B113E90070561C;
			remoteInfo = "treknation-iOS";
		};
		2A482FDC24B113EB0070561C /* PBXContainerItemProxy */ = {
			isa = PBXContainerItemProxy;
			containerPortal = 2A482FB224B113E90070561C /* Project object */;
			proxyType = 1;
			remoteGlobalIDString = 2A482FB924B113E90070561C;
			remoteInfo = "treknation-iOS";
		};
/* End PBXContainerItemProxy section */

/* Begin PBXFileReference section */
		2A03186824EB407C00C1E719 /* FontFit */ = {isa = PBXFileReference; lastKnownFileType = folder; path = FontFit; sourceTree = "<group>"; };
		2A26793724EE629700E709F9 /* CPTViewController.swift */ = {isa = PBXFileReference; lastKnownFileType = sourcecode.swift; path = CPTViewController.swift; sourceTree = "<group>"; };
		2A26793824EE629700E709F9 /* CPTViewController.xib */ = {isa = PBXFileReference; lastKnownFileType = file.xib; path = CPTViewController.xib; sourceTree = "<group>"; };
		2A26793B24EE62B500E709F9 /* submitEEViewController.swift */ = {isa = PBXFileReference; lastKnownFileType = sourcecode.swift; path = submitEEViewController.swift; sourceTree = "<group>"; };
		2A26793C24EE62B500E709F9 /* submitEEViewController.xib */ = {isa = PBXFileReference; lastKnownFileType = file.xib; path = submitEEViewController.xib; sourceTree = "<group>"; };
		2A4424CC24E09B0500D7C832 /* OverviewViewController.swift */ = {isa = PBXFileReference; lastKnownFileType = sourcecode.swift; path = OverviewViewController.swift; sourceTree = "<group>"; };
		2A4424CD24E09B0500D7C832 /* OverviewViewController.xib */ = {isa = PBXFileReference; lastKnownFileType = file.xib; path = OverviewViewController.xib; sourceTree = "<group>"; };
		2A4424D024E09B2B00D7C832 /* NOCViewController.swift */ = {isa = PBXFileReference; lastKnownFileType = sourcecode.swift; path = NOCViewController.swift; sourceTree = "<group>"; };
		2A4424D124E09B2B00D7C832 /* NOCViewController.xib */ = {isa = PBXFileReference; lastKnownFileType = file.xib; path = NOCViewController.xib; sourceTree = "<group>"; };
		2A4424D424E09B4000D7C832 /* ECAViewController.swift */ = {isa = PBXFileReference; lastKnownFileType = sourcecode.swift; path = ECAViewController.swift; sourceTree = "<group>"; };
		2A4424D524E09B4000D7C832 /* ECAViewController.xib */ = {isa = PBXFileReference; lastKnownFileType = file.xib; path = ECAViewController.xib; sourceTree = "<group>"; };
		2A4424D824E09B5700D7C832 /* LanguageTestViewController.swift */ = {isa = PBXFileReference; lastKnownFileType = sourcecode.swift; path = LanguageTestViewController.swift; sourceTree = "<group>"; };
		2A4424D924E09B5700D7C832 /* LanguageTestViewController.xib */ = {isa = PBXFileReference; lastKnownFileType = file.xib; path = LanguageTestViewController.xib; sourceTree = "<group>"; };
		2A4424DC24E09BAF00D7C832 /* EligibilityViewController.swift */ = {isa = PBXFileReference; lastKnownFileType = sourcecode.swift; path = EligibilityViewController.swift; sourceTree = "<group>"; };
		2A4424DD24E09BAF00D7C832 /* EligibilityViewController.xib */ = {isa = PBXFileReference; lastKnownFileType = file.xib; path = EligibilityViewController.xib; sourceTree = "<group>"; };
		2A482FBA24B113E90070561C /* treknation-iOS.app */ = {isa = PBXFileReference; explicitFileType = wrapper.application; includeInIndex = 0; path = "treknation-iOS.app"; sourceTree = BUILT_PRODUCTS_DIR; };
		2A482FBD24B113E90070561C /* AppDelegate.swift */ = {isa = PBXFileReference; lastKnownFileType = sourcecode.swift; path = AppDelegate.swift; sourceTree = "<group>"; };
		2A482FBF24B113E90070561C /* SceneDelegate.swift */ = {isa = PBXFileReference; lastKnownFileType = sourcecode.swift; path = SceneDelegate.swift; sourceTree = "<group>"; };
		2A482FC124B113E90070561C /* ViewController.swift */ = {isa = PBXFileReference; lastKnownFileType = sourcecode.swift; path = ViewController.swift; sourceTree = "<group>"; };
		2A482FC424B113E90070561C /* Base */ = {isa = PBXFileReference; lastKnownFileType = file.storyboard; name = Base; path = Base.lproj/Main.storyboard; sourceTree = "<group>"; };
		2A482FC624B113EB0070561C /* Assets.xcassets */ = {isa = PBXFileReference; lastKnownFileType = folder.assetcatalog; path = Assets.xcassets; sourceTree = "<group>"; };
		2A482FC924B113EB0070561C /* Base */ = {isa = PBXFileReference; lastKnownFileType = file.storyboard; name = Base; path = Base.lproj/LaunchScreen.storyboard; sourceTree = "<group>"; };
		2A482FCB24B113EB0070561C /* Info.plist */ = {isa = PBXFileReference; lastKnownFileType = text.plist.xml; path = Info.plist; sourceTree = "<group>"; };
		2A482FD024B113EB0070561C /* treknation-iOSTests.xctest */ = {isa = PBXFileReference; explicitFileType = wrapper.cfbundle; includeInIndex = 0; path = "treknation-iOSTests.xctest"; sourceTree = BUILT_PRODUCTS_DIR; };
		2A482FD424B113EB0070561C /* treknation_iOSTests.swift */ = {isa = PBXFileReference; lastKnownFileType = sourcecode.swift; path = treknation_iOSTests.swift; sourceTree = "<group>"; };
		2A482FD624B113EB0070561C /* Info.plist */ = {isa = PBXFileReference; lastKnownFileType = text.plist.xml; path = Info.plist; sourceTree = "<group>"; };
		2A482FDB24B113EB0070561C /* treknation-iOSUITests.xctest */ = {isa = PBXFileReference; explicitFileType = wrapper.cfbundle; includeInIndex = 0; path = "treknation-iOSUITests.xctest"; sourceTree = BUILT_PRODUCTS_DIR; };
		2A482FDF24B113EB0070561C /* treknation_iOSUITests.swift */ = {isa = PBXFileReference; lastKnownFileType = sourcecode.swift; path = treknation_iOSUITests.swift; sourceTree = "<group>"; };
		2A482FE124B113EB0070561C /* Info.plist */ = {isa = PBXFileReference; lastKnownFileType = text.plist.xml; path = Info.plist; sourceTree = "<group>"; };
		2A482FF024B115160070561C /* Constants.swift */ = {isa = PBXFileReference; lastKnownFileType = sourcecode.swift; path = Constants.swift; sourceTree = "<group>"; };
		2A482FF224B115490070561C /* AppData.swift */ = {isa = PBXFileReference; lastKnownFileType = sourcecode.swift; path = AppData.swift; sourceTree = "<group>"; };
		2A7CBB0E24F74E1E008FE3F6 /* CECViewController.swift */ = {isa = PBXFileReference; lastKnownFileType = sourcecode.swift; path = CECViewController.swift; sourceTree = "<group>"; };
		2A7CBB0F24F74E1E008FE3F6 /* CECViewController.xib */ = {isa = PBXFileReference; lastKnownFileType = file.xib; path = CECViewController.xib; sourceTree = "<group>"; };
		2A7CBB1224F74E31008FE3F6 /* FSWViewController.swift */ = {isa = PBXFileReference; lastKnownFileType = sourcecode.swift; path = FSWViewController.swift; sourceTree = "<group>"; };
		2A7CBB1324F74E31008FE3F6 /* FSWViewController.xib */ = {isa = PBXFileReference; lastKnownFileType = file.xib; path = FSWViewController.xib; sourceTree = "<group>"; };
		2A7CBB1624F74E42008FE3F6 /* FSTViewController.swift */ = {isa = PBXFileReference; lastKnownFileType = sourcecode.swift; path = FSTViewController.swift; sourceTree = "<group>"; };
		2A7CBB1724F74E42008FE3F6 /* FSTViewController.xib */ = {isa = PBXFileReference; lastKnownFileType = file.xib; path = FSTViewController.xib; sourceTree = "<group>"; };
		2A7CBB1A24F75D72008FE3F6 /* CRSScoreViewController.swift */ = {isa = PBXFileReference; lastKnownFileType = sourcecode.swift; path = CRSScoreViewController.swift; sourceTree = "<group>"; };
		2A7CBB1B24F75D72008FE3F6 /* CRSScoreViewController.xib */ = {isa = PBXFileReference; lastKnownFileType = file.xib; path = CRSScoreViewController.xib; sourceTree = "<group>"; };
		2A7CBB1E24F75F9B008FE3F6 /* EnterEEViewController.swift */ = {isa = PBXFileReference; lastKnownFileType = sourcecode.swift; path = EnterEEViewController.swift; sourceTree = "<group>"; };
		2A7CBB1F24F75F9B008FE3F6 /* EnterEEViewController.xib */ = {isa = PBXFileReference; lastKnownFileType = file.xib; path = EnterEEViewController.xib; sourceTree = "<group>"; };
		2A7CBB2224F75FAD008FE3F6 /* ITAViewController.swift */ = {isa = PBXFileReference; lastKnownFileType = sourcecode.swift; path = ITAViewController.swift; sourceTree = "<group>"; };
		2A7CBB2324F75FAD008FE3F6 /* ITAViewController.xib */ = {isa = PBXFileReference; lastKnownFileType = file.xib; path = ITAViewController.xib; sourceTree = "<group>"; };
		2A7CBB2624F75FC7008FE3F6 /* DocumentChecklistViewController.swift */ = {isa = PBXFileReference; lastKnownFileType = sourcecode.swift; path = DocumentChecklistViewController.swift; sourceTree = "<group>"; };
		2A7CBB2724F75FC7008FE3F6 /* DocumentChecklistViewController.xib */ = {isa = PBXFileReference; lastKnownFileType = file.xib; path = DocumentChecklistViewController.xib; sourceTree = "<group>"; };
		2A7CBB2A24F75FE4008FE3F6 /* EPRViewController.swift */ = {isa = PBXFileReference; lastKnownFileType = sourcecode.swift; path = EPRViewController.swift; sourceTree = "<group>"; };
		2A7CBB2B24F75FE4008FE3F6 /* EPRViewController.xib */ = {isa = PBXFileReference; lastKnownFileType = file.xib; path = EPRViewController.xib; sourceTree = "<group>"; };
		2A7CBB2E24F75FFB008FE3F6 /* PPRViewController.swift */ = {isa = PBXFileReference; lastKnownFileType = sourcecode.swift; path = PPRViewController.swift; sourceTree = "<group>"; };
		2A7CBB2F24F75FFB008FE3F6 /* PPRViewController.xib */ = {isa = PBXFileReference; lastKnownFileType = file.xib; path = PPRViewController.xib; sourceTree = "<group>"; };
		2A7CBB3224F76012008FE3F6 /* PrepareforLandingViewController.swift */ = {isa = PBXFileReference; lastKnownFileType = sourcecode.swift; path = PrepareforLandingViewController.swift; sourceTree = "<group>"; };
		2A7CBB3324F76012008FE3F6 /* PrepareforLandingViewController.xib */ = {isa = PBXFileReference; lastKnownFileType = file.xib; path = PrepareforLandingViewController.xib; sourceTree = "<group>"; };
		2A7CBB3624F86D8D008FE3F6 /* MoreViewController.swift */ = {isa = PBXFileReference; lastKnownFileType = sourcecode.swift; path = MoreViewController.swift; sourceTree = "<group>"; };
		2A7CBB3824F8710E008FE3F6 /* DetailedViewController.swift */ = {isa = PBXFileReference; lastKnownFileType = sourcecode.swift; path = DetailedViewController.swift; sourceTree = "<group>"; };
		2A7CBB3924F8710E008FE3F6 /* DetailedViewController.xib */ = {isa = PBXFileReference; lastKnownFileType = file.xib; path = DetailedViewController.xib; sourceTree = "<group>"; };
		2A7CBB3C24FBEFB4008FE3F6 /* WebViewViewController.swift */ = {isa = PBXFileReference; lastKnownFileType = sourcecode.swift; path = WebViewViewController.swift; sourceTree = "<group>"; };
		2A7CBB3D24FBEFB4008FE3F6 /* WebViewViewController.xib */ = {isa = PBXFileReference; lastKnownFileType = file.xib; path = WebViewViewController.xib; sourceTree = "<group>"; };
		2A7CBB4124FBF505008FE3F6 /* WebKit.framework */ = {isa = PBXFileReference; lastKnownFileType = wrapper.framework; name = WebKit.framework; path = System/Library/Frameworks/WebKit.framework; sourceTree = SDKROOT; };
		2A963BC824D7A67B000E8C91 /* HomrTableViewCell.swift */ = {isa = PBXFileReference; lastKnownFileType = sourcecode.swift; path = HomrTableViewCell.swift; sourceTree = "<group>"; };
		2AC2FDAD24E5DCF9005CF04E /* havania.ttf */ = {isa = PBXFileReference; lastKnownFileType = file; path = havania.ttf; sourceTree = "<group>"; };
/* End PBXFileReference section */

/* Begin PBXFrameworksBuildPhase section */
		2A482FB724B113E90070561C /* Frameworks */ = {
			isa = PBXFrameworksBuildPhase;
			buildActionMask = 2147483647;
			files = (
				2A7CBB4224FBF505008FE3F6 /* WebKit.framework in Frameworks */,
			);
			runOnlyForDeploymentPostprocessing = 0;
		};
		2A482FCD24B113EB0070561C /* Frameworks */ = {
			isa = PBXFrameworksBuildPhase;
			buildActionMask = 2147483647;
			files = (
			);
			runOnlyForDeploymentPostprocessing = 0;
		};
		2A482FD824B113EB0070561C /* Frameworks */ = {
			isa = PBXFrameworksBuildPhase;
			buildActionMask = 2147483647;
			files = (
			);
			runOnlyForDeploymentPostprocessing = 0;
		};
/* End PBXFrameworksBuildPhase section */

/* Begin PBXGroup section */
		2A482FB124B113E90070561C = {
			isa = PBXGroup;
			children = (
				2A482FBC24B113E90070561C /* treknation-iOS */,
				2A482FD324B113EB0070561C /* treknation-iOSTests */,
				2A482FDE24B113EB0070561C /* treknation-iOSUITests */,
				2A482FBB24B113E90070561C /* Products */,
				2A7CBB4024FBF503008FE3F6 /* Frameworks */,
			);
			sourceTree = "<group>";
		};
		2A482FBB24B113E90070561C /* Products */ = {
			isa = PBXGroup;
			children = (
				2A482FBA24B113E90070561C /* treknation-iOS.app */,
				2A482FD024B113EB0070561C /* treknation-iOSTests.xctest */,
				2A482FDB24B113EB0070561C /* treknation-iOSUITests.xctest */,
			);
			name = Products;
			sourceTree = "<group>";
		};
		2A482FBC24B113E90070561C /* treknation-iOS */ = {
			isa = PBXGroup;
			children = (
				2A482FEF24B114D80070561C /* Controller */,
				2A482FEE24B114D20070561C /* View */,
				2A482FED24B114CA0070561C /* Model */,
				2A482FBD24B113E90070561C /* AppDelegate.swift */,
				2A482FBF24B113E90070561C /* SceneDelegate.swift */,
				2A482FC624B113EB0070561C /* Assets.xcassets */,
				2A482FCB24B113EB0070561C /* Info.plist */,
			);
			path = "treknation-iOS";
			sourceTree = "<group>";
		};
		2A482FD324B113EB0070561C /* treknation-iOSTests */ = {
			isa = PBXGroup;
			children = (
				2A482FD424B113EB0070561C /* treknation_iOSTests.swift */,
				2A482FD624B113EB0070561C /* Info.plist */,
			);
			path = "treknation-iOSTests";
			sourceTree = "<group>";
		};
		2A482FDE24B113EB0070561C /* treknation-iOSUITests */ = {
			isa = PBXGroup;
			children = (
				2A482FDF24B113EB0070561C /* treknation_iOSUITests.swift */,
				2A482FE124B113EB0070561C /* Info.plist */,
			);
			path = "treknation-iOSUITests";
			sourceTree = "<group>";
		};
		2A482FED24B114CA0070561C /* Model */ = {
			isa = PBXGroup;
			children = (
				2A03186824EB407C00C1E719 /* FontFit */,
				2AC2FDAD24E5DCF9005CF04E /* havania.ttf */,
				2A482FF024B115160070561C /* Constants.swift */,
				2A482FF224B115490070561C /* AppData.swift */,
			);
			path = Model;
			sourceTree = "<group>";
		};
		2A482FEE24B114D20070561C /* View */ = {
			isa = PBXGroup;
			children = (
				2A4424CD24E09B0500D7C832 /* OverviewViewController.xib */,
				2A4424D124E09B2B00D7C832 /* NOCViewController.xib */,
				2A4424D524E09B4000D7C832 /* ECAViewController.xib */,
				2A26793C24EE62B500E709F9 /* submitEEViewController.xib */,
				2A26793824EE629700E709F9 /* CPTViewController.xib */,
				2A4424DD24E09BAF00D7C832 /* EligibilityViewController.xib */,
				2A7CBB0F24F74E1E008FE3F6 /* CECViewController.xib */,
				2A7CBB1324F74E31008FE3F6 /* FSWViewController.xib */,
				2A7CBB1724F74E42008FE3F6 /* FSTViewController.xib */,
				2A7CBB1B24F75D72008FE3F6 /* CRSScoreViewController.xib */,
				2A7CBB3D24FBEFB4008FE3F6 /* WebViewViewController.xib */,
				2A7CBB3924F8710E008FE3F6 /* DetailedViewController.xib */,
				2A7CBB3324F76012008FE3F6 /* PrepareforLandingViewController.xib */,
				2A7CBB2F24F75FFB008FE3F6 /* PPRViewController.xib */,
				2A7CBB2B24F75FE4008FE3F6 /* EPRViewController.xib */,
				2A7CBB2724F75FC7008FE3F6 /* DocumentChecklistViewController.xib */,
				2A7CBB2324F75FAD008FE3F6 /* ITAViewController.xib */,
				2A7CBB1F24F75F9B008FE3F6 /* EnterEEViewController.xib */,
				2A482FC324B113E90070561C /* Main.storyboard */,
				2A482FC824B113EB0070561C /* LaunchScreen.storyboard */,
				2A4424D924E09B5700D7C832 /* LanguageTestViewController.xib */,
			);
			path = View;
			sourceTree = "<group>";
		};
		2A482FEF24B114D80070561C /* Controller */ = {
			isa = PBXGroup;
			children = (
				2A482FC124B113E90070561C /* ViewController.swift */,
				2A4424CC24E09B0500D7C832 /* OverviewViewController.swift */,
				2A4424D024E09B2B00D7C832 /* NOCViewController.swift */,
				2A4424D424E09B4000D7C832 /* ECAViewController.swift */,
				2A26793724EE629700E709F9 /* CPTViewController.swift */,
				2A26793B24EE62B500E709F9 /* submitEEViewController.swift */,
				2A4424DC24E09BAF00D7C832 /* EligibilityViewController.swift */,
				2A7CBB0E24F74E1E008FE3F6 /* CECViewController.swift */,
				2A7CBB1224F74E31008FE3F6 /* FSWViewController.swift */,
				2A7CBB1624F74E42008FE3F6 /* FSTViewController.swift */,
				2A7CBB3624F86D8D008FE3F6 /* MoreViewController.swift */,
				2A963BC824D7A67B000E8C91 /* HomrTableViewCell.swift */,
				2A4424D824E09B5700D7C832 /* LanguageTestViewController.swift */,
				2A7CBB1A24F75D72008FE3F6 /* CRSScoreViewController.swift */,
				2A7CBB1E24F75F9B008FE3F6 /* EnterEEViewController.swift */,
				2A7CBB2224F75FAD008FE3F6 /* ITAViewController.swift */,
				2A7CBB2624F75FC7008FE3F6 /* DocumentChecklistViewController.swift */,
				2A7CBB2A24F75FE4008FE3F6 /* EPRViewController.swift */,
				2A7CBB2E24F75FFB008FE3F6 /* PPRViewController.swift */,
				2A7CBB3224F76012008FE3F6 /* PrepareforLandingViewController.swift */,
				2A7CBB3824F8710E008FE3F6 /* DetailedViewController.swift */,
				2A7CBB3C24FBEFB4008FE3F6 /* WebViewViewController.swift */,
			);
			path = Controller;
			sourceTree = "<group>";
		};
		2A7CBB4024FBF503008FE3F6 /* Frameworks */ = {
			isa = PBXGroup;
			children = (
				2A7CBB4124FBF505008FE3F6 /* WebKit.framework */,
			);
			name = Frameworks;
			sourceTree = "<group>";
		};
/* End PBXGroup section */

/* Begin PBXNativeTarget section */
		2A482FB924B113E90070561C /* treknation-iOS */ = {
			isa = PBXNativeTarget;
			buildConfigurationList = 2A482FE424B113EB0070561C /* Build configuration list for PBXNativeTarget "treknation-iOS" */;
			buildPhases = (
				2A482FB624B113E90070561C /* Sources */,
				2A482FB724B113E90070561C /* Frameworks */,
				2A482FB824B113E90070561C /* Resources */,
			);
			buildRules = (
			);
			dependencies = (
			);
			name = "treknation-iOS";
			productName = "treknation-iOS";
			productReference = 2A482FBA24B113E90070561C /* treknation-iOS.app */;
			productType = "com.apple.product-type.application";
		};
		2A482FCF24B113EB0070561C /* treknation-iOSTests */ = {
			isa = PBXNativeTarget;
			buildConfigurationList = 2A482FE724B113EB0070561C /* Build configuration list for PBXNativeTarget "treknation-iOSTests" */;
			buildPhases = (
				2A482FCC24B113EB0070561C /* Sources */,
				2A482FCD24B113EB0070561C /* Frameworks */,
				2A482FCE24B113EB0070561C /* Resources */,
			);
			buildRules = (
			);
			dependencies = (
				2A482FD224B113EB0070561C /* PBXTargetDependency */,
			);
			name = "treknation-iOSTests";
			productName = "treknation-iOSTests";
			productReference = 2A482FD024B113EB0070561C /* treknation-iOSTests.xctest */;
			productType = "com.apple.product-type.bundle.unit-test";
		};
		2A482FDA24B113EB0070561C /* treknation-iOSUITests */ = {
			isa = PBXNativeTarget;
			buildConfigurationList = 2A482FEA24B113EB0070561C /* Build configuration list for PBXNativeTarget "treknation-iOSUITests" */;
			buildPhases = (
				2A482FD724B113EB0070561C /* Sources */,
				2A482FD824B113EB0070561C /* Frameworks */,
				2A482FD924B113EB0070561C /* Resources */,
			);
			buildRules = (
			);
			dependencies = (
				2A482FDD24B113EB0070561C /* PBXTargetDependency */,
			);
			name = "treknation-iOSUITests";
			productName = "treknation-iOSUITests";
			productReference = 2A482FDB24B113EB0070561C /* treknation-iOSUITests.xctest */;
			productType = "com.apple.product-type.bundle.ui-testing";
		};
/* End PBXNativeTarget section */

/* Begin PBXProject section */
		2A482FB224B113E90070561C /* Project object */ = {
			isa = PBXProject;
			attributes = {
				LastSwiftUpdateCheck = 1150;
				LastUpgradeCheck = 1150;
				ORGANIZATIONNAME = treknation;
				TargetAttributes = {
					2A482FB924B113E90070561C = {
						CreatedOnToolsVersion = 11.5;
					};
					2A482FCF24B113EB0070561C = {
						CreatedOnToolsVersion = 11.5;
						TestTargetID = 2A482FB924B113E90070561C;
					};
					2A482FDA24B113EB0070561C = {
						CreatedOnToolsVersion = 11.5;
						TestTargetID = 2A482FB924B113E90070561C;
					};
				};
			};
			buildConfigurationList = 2A482FB524B113E90070561C /* Build configuration list for PBXProject "treknation-iOS" */;
			compatibilityVersion = "Xcode 9.3";
			developmentRegion = en;
			hasScannedForEncodings = 0;
			knownRegions = (
				en,
				Base,
			);
			mainGroup = 2A482FB124B113E90070561C;
			productRefGroup = 2A482FBB24B113E90070561C /* Products */;
			projectDirPath = "";
			projectRoot = "";
			targets = (
				2A482FB924B113E90070561C /* treknation-iOS */,
				2A482FCF24B113EB0070561C /* treknation-iOSTests */,
				2A482FDA24B113EB0070561C /* treknation-iOSUITests */,
			);
		};
/* End PBXProject section */

/* Begin PBXResourcesBuildPhase section */
		2A482FB824B113E90070561C /* Resources */ = {
			isa = PBXResourcesBuildPhase;
			buildActionMask = 2147483647;
			files = (
				2A482FCA24B113EB0070561C /* LaunchScreen.storyboard in Resources */,
				2A4424CF24E09B0500D7C832 /* OverviewViewController.xib in Resources */,
				2A7CBB1924F74E42008FE3F6 /* FSTViewController.xib in Resources */,
				2A7CBB2924F75FC7008FE3F6 /* DocumentChecklistViewController.xib in Resources */,
				2A7CBB2D24F75FE4008FE3F6 /* EPRViewController.xib in Resources */,
				2A7CBB3B24F8710E008FE3F6 /* DetailedViewController.xib in Resources */,
				2A7CBB3124F75FFB008FE3F6 /* PPRViewController.xib in Resources */,
				2A7CBB1124F74E1E008FE3F6 /* CECViewController.xib in Resources */,
				2A482FC724B113EB0070561C /* Assets.xcassets in Resources */,
				2A482FC524B113E90070561C /* Main.storyboard in Resources */,
				2A26793E24EE62B500E709F9 /* submitEEViewController.xib in Resources */,
				2A7CBB3524F76012008FE3F6 /* PrepareforLandingViewController.xib in Resources */,
				2A4424DF24E09BAF00D7C832 /* EligibilityViewController.xib in Resources */,
				2A7CBB1524F74E31008FE3F6 /* FSWViewController.xib in Resources */,
				2A7CBB2124F75F9B008FE3F6 /* EnterEEViewController.xib in Resources */,
				2A4424DB24E09B5700D7C832 /* LanguageTestViewController.xib in Resources */,
				2A4424D724E09B4000D7C832 /* ECAViewController.xib in Resources */,
				2A26793A24EE629700E709F9 /* CPTViewController.xib in Resources */,
				2A7CBB3F24FBEFB4008FE3F6 /* WebViewViewController.xib in Resources */,
				2AC2FDAE24E5DCFA005CF04E /* havania.ttf in Resources */,
				2A4424D324E09B2B00D7C832 /* NOCViewController.xib in Resources */,
				2A7CBB2524F75FAD008FE3F6 /* ITAViewController.xib in Resources */,
				2A7CBB1D24F75D72008FE3F6 /* CRSScoreViewController.xib in Resources */,
				2A03186924EB407C00C1E719 /* FontFit in Resources */,
			);
			runOnlyForDeploymentPostprocessing = 0;
		};
		2A482FCE24B113EB0070561C /* Resources */ = {
			isa = PBXResourcesBuildPhase;
			buildActionMask = 2147483647;
			files = (
			);
			runOnlyForDeploymentPostprocessing = 0;
		};
		2A482FD924B113EB0070561C /* Resources */ = {
			isa = PBXResourcesBuildPhase;
			buildActionMask = 2147483647;
			files = (
			);
			runOnlyForDeploymentPostprocessing = 0;
		};
/* End PBXResourcesBuildPhase section */

/* Begin PBXSourcesBuildPhase section */
		2A482FB624B113E90070561C /* Sources */ = {
			isa = PBXSourcesBuildPhase;
			buildActionMask = 2147483647;
			files = (
				2A7CBB2824F75FC7008FE3F6 /* DocumentChecklistViewController.swift in Sources */,
				2A482FC224B113E90070561C /* ViewController.swift in Sources */,
				2A7CBB1C24F75D72008FE3F6 /* CRSScoreViewController.swift in Sources */,
				2A7CBB1424F74E31008FE3F6 /* FSWViewController.swift in Sources */,
				2A4424D224E09B2B00D7C832 /* NOCViewController.swift in Sources */,
				2A7CBB1024F74E1E008FE3F6 /* CECViewController.swift in Sources */,
				2A26793D24EE62B500E709F9 /* submitEEViewController.swift in Sources */,
				2A482FF124B115160070561C /* Constants.swift in Sources */,
				2A7CBB3E24FBEFB4008FE3F6 /* WebViewViewController.swift in Sources */,
				2A7CBB2C24F75FE4008FE3F6 /* EPRViewController.swift in Sources */,
				2A4424DE24E09BAF00D7C832 /* EligibilityViewController.swift in Sources */,
				2A4424CE24E09B0500D7C832 /* OverviewViewController.swift in Sources */,
				2A7CBB2024F75F9B008FE3F6 /* EnterEEViewController.swift in Sources */,
				2A482FBE24B113E90070561C /* AppDelegate.swift in Sources */,
				2A482FC024B113E90070561C /* SceneDelegate.swift in Sources */,
				2A4424DA24E09B5700D7C832 /* LanguageTestViewController.swift in Sources */,
				2A26793924EE629700E709F9 /* CPTViewController.swift in Sources */,
				2A482FF324B115490070561C /* AppData.swift in Sources */,
				2A7CBB3A24F8710E008FE3F6 /* DetailedViewController.swift in Sources */,
				2A963BC924D7A67B000E8C91 /* HomrTableViewCell.swift in Sources */,
				2A7CBB3424F76012008FE3F6 /* PrepareforLandingViewController.swift in Sources */,
				2A7CBB1824F74E42008FE3F6 /* FSTViewController.swift in Sources */,
				2A7CBB3024F75FFB008FE3F6 /* PPRViewController.swift in Sources */,
				2A7CBB3724F86D8D008FE3F6 /* MoreViewController.swift in Sources */,
				2A7CBB2424F75FAD008FE3F6 /* ITAViewController.swift in Sources */,
				2A4424D624E09B4000D7C832 /* ECAViewController.swift in Sources */,
			);
			runOnlyForDeploymentPostprocessing = 0;
		};
		2A482FCC24B113EB0070561C /* Sources */ = {
			isa = PBXSourcesBuildPhase;
			buildActionMask = 2147483647;
			files = (
				2A482FD524B113EB0070561C /* treknation_iOSTests.swift in Sources */,
			);
			runOnlyForDeploymentPostprocessing = 0;
		};
		2A482FD724B113EB0070561C /* Sources */ = {
			isa = PBXSourcesBuildPhase;
			buildActionMask = 2147483647;
			files = (
				2A482FE024B113EB0070561C /* treknation_iOSUITests.swift in Sources */,
			);
			runOnlyForDeploymentPostprocessing = 0;
		};
/* End PBXSourcesBuildPhase section */

/* Begin PBXTargetDependency section */
		2A482FD224B113EB0070561C /* PBXTargetDependency */ = {
			isa = PBXTargetDependency;
			target = 2A482FB924B113E90070561C /* treknation-iOS */;
			targetProxy = 2A482FD124B113EB0070561C /* PBXContainerItemProxy */;
		};
		2A482FDD24B113EB0070561C /* PBXTargetDependency */ = {
			isa = PBXTargetDependency;
			target = 2A482FB924B113E90070561C /* treknation-iOS */;
			targetProxy = 2A482FDC24B113EB0070561C /* PBXContainerItemProxy */;
		};
/* End PBXTargetDependency section */

/* Begin PBXVariantGroup section */
		2A482FC324B113E90070561C /* Main.storyboard */ = {
			isa = PBXVariantGroup;
			children = (
				2A482FC424B113E90070561C /* Base */,
			);
			name = Main.storyboard;
			sourceTree = "<group>";
		};
		2A482FC824B113EB0070561C /* LaunchScreen.storyboard */ = {
			isa = PBXVariantGroup;
			children = (
				2A482FC924B113EB0070561C /* Base */,
			);
			name = LaunchScreen.storyboard;
			sourceTree = "<group>";
		};
/* End PBXVariantGroup section */

/* Begin XCBuildConfiguration section */
		2A482FE224B113EB0070561C /* Debug */ = {
			isa = XCBuildConfiguration;
			buildSettings = {
				ALWAYS_SEARCH_USER_PATHS = NO;
				CLANG_ANALYZER_NONNULL = YES;
				CLANG_ANALYZER_NUMBER_OBJECT_CONVERSION = YES_AGGRESSIVE;
				CLANG_CXX_LANGUAGE_STANDARD = "gnu++14";
				CLANG_CXX_LIBRARY = "libc++";
				CLANG_ENABLE_MODULES = YES;
				CLANG_ENABLE_OBJC_ARC = YES;
				CLANG_ENABLE_OBJC_WEAK = YES;
				CLANG_WARN_BLOCK_CAPTURE_AUTORELEASING = YES;
				CLANG_WARN_BOOL_CONVERSION = YES;
				CLANG_WARN_COMMA = YES;
				CLANG_WARN_CONSTANT_CONVERSION = YES;
				CLANG_WARN_DEPRECATED_OBJC_IMPLEMENTATIONS = YES;
				CLANG_WARN_DIRECT_OBJC_ISA_USAGE = YES_ERROR;
				CLANG_WARN_DOCUMENTATION_COMMENTS = YES;
				CLANG_WARN_EMPTY_BODY = YES;
				CLANG_WARN_ENUM_CONVERSION = YES;
				CLANG_WARN_INFINITE_RECURSION = YES;
				CLANG_WARN_INT_CONVERSION = YES;
				CLANG_WARN_NON_LITERAL_NULL_CONVERSION = YES;
				CLANG_WARN_OBJC_IMPLICIT_RETAIN_SELF = YES;
				CLANG_WARN_OBJC_LITERAL_CONVERSION = YES;
				CLANG_WARN_OBJC_ROOT_CLASS = YES_ERROR;
				CLANG_WARN_RANGE_LOOP_ANALYSIS = YES;
				CLANG_WARN_STRICT_PROTOTYPES = YES;
				CLANG_WARN_SUSPICIOUS_MOVE = YES;
				CLANG_WARN_UNGUARDED_AVAILABILITY = YES_AGGRESSIVE;
				CLANG_WARN_UNREACHABLE_CODE = YES;
				CLANG_WARN__DUPLICATE_METHOD_MATCH = YES;
				COPY_PHASE_STRIP = NO;
				DEBUG_INFORMATION_FORMAT = dwarf;
				ENABLE_STRICT_OBJC_MSGSEND = YES;
				ENABLE_TESTABILITY = YES;
				GCC_C_LANGUAGE_STANDARD = gnu11;
				GCC_DYNAMIC_NO_PIC = NO;
				GCC_NO_COMMON_BLOCKS = YES;
				GCC_OPTIMIZATION_LEVEL = 0;
				GCC_PREPROCESSOR_DEFINITIONS = (
					"DEBUG=1",
					"$(inherited)",
				);
				GCC_WARN_64_TO_32_BIT_CONVERSION = YES;
				GCC_WARN_ABOUT_RETURN_TYPE = YES_ERROR;
				GCC_WARN_UNDECLARED_SELECTOR = YES;
				GCC_WARN_UNINITIALIZED_AUTOS = YES_AGGRESSIVE;
				GCC_WARN_UNUSED_FUNCTION = YES;
				GCC_WARN_UNUSED_VARIABLE = YES;
				IPHONEOS_DEPLOYMENT_TARGET = 13.5;
				MTL_ENABLE_DEBUG_INFO = INCLUDE_SOURCE;
				MTL_FAST_MATH = YES;
				ONLY_ACTIVE_ARCH = YES;
				SDKROOT = iphoneos;
				SWIFT_ACTIVE_COMPILATION_CONDITIONS = DEBUG;
				SWIFT_OPTIMIZATION_LEVEL = "-Onone";
			};
			name = Debug;
		};
		2A482FE324B113EB0070561C /* Release */ = {
			isa = XCBuildConfiguration;
			buildSettings = {
				ALWAYS_SEARCH_USER_PATHS = NO;
				CLANG_ANALYZER_NONNULL = YES;
				CLANG_ANALYZER_NUMBER_OBJECT_CONVERSION = YES_AGGRESSIVE;
				CLANG_CXX_LANGUAGE_STANDARD = "gnu++14";
				CLANG_CXX_LIBRARY = "libc++";
				CLANG_ENABLE_MODULES = YES;
				CLANG_ENABLE_OBJC_ARC = YES;
				CLANG_ENABLE_OBJC_WEAK = YES;
				CLANG_WARN_BLOCK_CAPTURE_AUTORELEASING = YES;
				CLANG_WARN_BOOL_CONVERSION = YES;
				CLANG_WARN_COMMA = YES;
				CLANG_WARN_CONSTANT_CONVERSION = YES;
				CLANG_WARN_DEPRECATED_OBJC_IMPLEMENTATIONS = YES;
				CLANG_WARN_DIRECT_OBJC_ISA_USAGE = YES_ERROR;
				CLANG_WARN_DOCUMENTATION_COMMENTS = YES;
				CLANG_WARN_EMPTY_BODY = YES;
				CLANG_WARN_ENUM_CONVERSION = YES;
				CLANG_WARN_INFINITE_RECURSION = YES;
				CLANG_WARN_INT_CONVERSION = YES;
				CLANG_WARN_NON_LITERAL_NULL_CONVERSION = YES;
				CLANG_WARN_OBJC_IMPLICIT_RETAIN_SELF = YES;
				CLANG_WARN_OBJC_LITERAL_CONVERSION = YES;
				CLANG_WARN_OBJC_ROOT_CLASS = YES_ERROR;
				CLANG_WARN_RANGE_LOOP_ANALYSIS = YES;
				CLANG_WARN_STRICT_PROTOTYPES = YES;
				CLANG_WARN_SUSPICIOUS_MOVE = YES;
				CLANG_WARN_UNGUARDED_AVAILABILITY = YES_AGGRESSIVE;
				CLANG_WARN_UNREACHABLE_CODE = YES;
				CLANG_WARN__DUPLICATE_METHOD_MATCH = YES;
				COPY_PHASE_STRIP = NO;
				DEBUG_INFORMATION_FORMAT = "dwarf-with-dsym";
				ENABLE_NS_ASSERTIONS = NO;
				ENABLE_STRICT_OBJC_MSGSEND = YES;
				GCC_C_LANGUAGE_STANDARD = gnu11;
				GCC_NO_COMMON_BLOCKS = YES;
				GCC_WARN_64_TO_32_BIT_CONVERSION = YES;
				GCC_WARN_ABOUT_RETURN_TYPE = YES_ERROR;
				GCC_WARN_UNDECLARED_SELECTOR = YES;
				GCC_WARN_UNINITIALIZED_AUTOS = YES_AGGRESSIVE;
				GCC_WARN_UNUSED_FUNCTION = YES;
				GCC_WARN_UNUSED_VARIABLE = YES;
				IPHONEOS_DEPLOYMENT_TARGET = 13.5;
				MTL_ENABLE_DEBUG_INFO = NO;
				MTL_FAST_MATH = YES;
				SDKROOT = iphoneos;
				SWIFT_COMPILATION_MODE = wholemodule;
				SWIFT_OPTIMIZATION_LEVEL = "-O";
				VALIDATE_PRODUCT = YES;
			};
			name = Release;
		};
		2A482FE524B113EB0070561C /* Debug */ = {
			isa = XCBuildConfiguration;
			buildSettings = {
				ASSETCATALOG_COMPILER_APPICON_NAME = AppIcon;
				CODE_SIGN_STYLE = Automatic;
				INFOPLIST_FILE = "treknation-iOS/Info.plist";
				LD_RUNPATH_SEARCH_PATHS = (
					"$(inherited)",
					"@executable_path/Frameworks",
				);
				PRODUCT_BUNDLE_IDENTIFIER = "treknation.treknation-iOS";
				PRODUCT_NAME = "$(TARGET_NAME)";
				SWIFT_VERSION = 5.0;
				TARGETED_DEVICE_FAMILY = "1,2";
			};
			name = Debug;
		};
		2A482FE624B113EB0070561C /* Release */ = {
			isa = XCBuildConfiguration;
			buildSettings = {
				ASSETCATALOG_COMPILER_APPICON_NAME = AppIcon;
				CODE_SIGN_STYLE = Automatic;
				INFOPLIST_FILE = "treknation-iOS/Info.plist";
				LD_RUNPATH_SEARCH_PATHS = (
					"$(inherited)",
					"@executable_path/Frameworks",
				);
				PRODUCT_BUNDLE_IDENTIFIER = "treknation.treknation-iOS";
				PRODUCT_NAME = "$(TARGET_NAME)";
				SWIFT_VERSION = 5.0;
				TARGETED_DEVICE_FAMILY = "1,2";
			};
			name = Release;
		};
		2A482FE824B113EB0070561C /* Debug */ = {
			isa = XCBuildConfiguration;
			buildSettings = {
				ALWAYS_EMBED_SWIFT_STANDARD_LIBRARIES = YES;
				BUNDLE_LOADER = "$(TEST_HOST)";
				CODE_SIGN_STYLE = Automatic;
				INFOPLIST_FILE = "treknation-iOSTests/Info.plist";
				IPHONEOS_DEPLOYMENT_TARGET = 13.5;
				LD_RUNPATH_SEARCH_PATHS = (
					"$(inherited)",
					"@executable_path/Frameworks",
					"@loader_path/Frameworks",
				);
				PRODUCT_BUNDLE_IDENTIFIER = "treknation.treknation-iOSTests";
				PRODUCT_NAME = "$(TARGET_NAME)";
				SWIFT_VERSION = 5.0;
				TARGETED_DEVICE_FAMILY = "1,2";
				TEST_HOST = "$(BUILT_PRODUCTS_DIR)/treknation-iOS.app/treknation-iOS";
			};
			name = Debug;
		};
		2A482FE924B113EB0070561C /* Release */ = {
			isa = XCBuildConfiguration;
			buildSettings = {
				ALWAYS_EMBED_SWIFT_STANDARD_LIBRARIES = YES;
				BUNDLE_LOADER = "$(TEST_HOST)";
				CODE_SIGN_STYLE = Automatic;
				INFOPLIST_FILE = "treknation-iOSTests/Info.plist";
				IPHONEOS_DEPLOYMENT_TARGET = 13.5;
				LD_RUNPATH_SEARCH_PATHS = (
					"$(inherited)",
					"@executable_path/Frameworks",
					"@loader_path/Frameworks",
				);
				PRODUCT_BUNDLE_IDENTIFIER = "treknation.treknation-iOSTests";
				PRODUCT_NAME = "$(TARGET_NAME)";
				SWIFT_VERSION = 5.0;
				TARGETED_DEVICE_FAMILY = "1,2";
				TEST_HOST = "$(BUILT_PRODUCTS_DIR)/treknation-iOS.app/treknation-iOS";
			};
			name = Release;
		};
		2A482FEB24B113EB0070561C /* Debug */ = {
			isa = XCBuildConfiguration;
			buildSettings = {
				ALWAYS_EMBED_SWIFT_STANDARD_LIBRARIES = YES;
				CODE_SIGN_STYLE = Automatic;
				INFOPLIST_FILE = "treknation-iOSUITests/Info.plist";
				LD_RUNPATH_SEARCH_PATHS = (
					"$(inherited)",
					"@executable_path/Frameworks",
					"@loader_path/Frameworks",
				);
				PRODUCT_BUNDLE_IDENTIFIER = "treknation.treknation-iOSUITests";
				PRODUCT_NAME = "$(TARGET_NAME)";
				SWIFT_VERSION = 5.0;
				TARGETED_DEVICE_FAMILY = "1,2";
				TEST_TARGET_NAME = "treknation-iOS";
			};
			name = Debug;
		};
		2A482FEC24B113EB0070561C /* Release */ = {
			isa = XCBuildConfiguration;
			buildSettings = {
				ALWAYS_EMBED_SWIFT_STANDARD_LIBRARIES = YES;
				CODE_SIGN_STYLE = Automatic;
				INFOPLIST_FILE = "treknation-iOSUITests/Info.plist";
				LD_RUNPATH_SEARCH_PATHS = (
					"$(inherited)",
					"@executable_path/Frameworks",
					"@loader_path/Frameworks",
				);
				PRODUCT_BUNDLE_IDENTIFIER = "treknation.treknation-iOSUITests";
				PRODUCT_NAME = "$(TARGET_NAME)";
				SWIFT_VERSION = 5.0;
				TARGETED_DEVICE_FAMILY = "1,2";
				TEST_TARGET_NAME = "treknation-iOS";
			};
			name = Release;
		};
/* End XCBuildConfiguration section */

/* Begin XCConfigurationList section */
		2A482FB524B113E90070561C /* Build configuration list for PBXProject "treknation-iOS" */ = {
			isa = XCConfigurationList;
			buildConfigurations = (
				2A482FE224B113EB0070561C /* Debug */,
				2A482FE324B113EB0070561C /* Release */,
			);
			defaultConfigurationIsVisible = 0;
			defaultConfigurationName = Release;
		};
		2A482FE424B113EB0070561C /* Build configuration list for PBXNativeTarget "treknation-iOS" */ = {
			isa = XCConfigurationList;
			buildConfigurations = (
				2A482FE524B113EB0070561C /* Debug */,
				2A482FE624B113EB0070561C /* Release */,
			);
			defaultConfigurationIsVisible = 0;
			defaultConfigurationName = Release;
		};
		2A482FE724B113EB0070561C /* Build configuration list for PBXNativeTarget "treknation-iOSTests" */ = {
			isa = XCConfigurationList;
			buildConfigurations = (
				2A482FE824B113EB0070561C /* Debug */,
				2A482FE924B113EB0070561C /* Release */,
			);
			defaultConfigurationIsVisible = 0;
			defaultConfigurationName = Release;
		};
		2A482FEA24B113EB0070561C /* Build configuration list for PBXNativeTarget "treknation-iOSUITests" */ = {
			isa = XCConfigurationList;
			buildConfigurations = (
				2A482FEB24B113EB0070561C /* Debug */,
				2A482FEC24B113EB0070561C /* Release */,
			);
			defaultConfigurationIsVisible = 0;
			defaultConfigurationName = Release;
		};
/* End XCConfigurationList section */
	};
	rootObject = 2A482FB224B113E90070561C /* Project object */;
}
